
Microsoft Visual Studio Solution File, Format Version 12.00
# Visual Studio Version 16
VisualStudioVersion = 16.0.30128.74
MinimumVisualStudioVersion = 10.0.40219.1
Project("{9A19103F-16F7-4668-BE54-9A1E7A4F7556}") = "DummyAkkaNetWeb", "DummyAkkaNetWeb\DummyAkkaNetWeb.csproj", "{349B3EDC-C721-4CAA-B9F7-AFE410957110}"
EndProject
Project("{9A19103F-16F7-4668-BE54-9A1E7A4F7556}") = "MMSComm", "MMSComm\MMSComm.csproj", "{F3FD5F4B-E6ED-43D1-9E63-21BF555E1B74}"
EndProject
Project("{9A19103F-16F7-4668-BE54-9A1E7A4F7556}") = "WMSComm", "WMSComm\WMSComm.csproj", "{90FE1956-BAC0-44DE-810F-229E13AF738A}"
EndProject
Project("{9A19103F-16F7-4668-BE54-9A1E7A4F7556}") = "Core", "Core\Core.csproj", "{016441C2-6953-4384-9B92-796C85D1EEAB}"
EndProject
Project("{9A19103F-16F7-4668-BE54-9A1E7A4F7556}") = "DataModel", "DataModel\DataModel.csproj", "{E0E98267-4193-428A-8DEB-10A83F1ED943}"
EndProject
Project("{9A19103F-16F7-4668-BE54-9A1E7A4F7556}") = "AkkaBase", "AkkaBase\AkkaBase.csproj", "{390226B3-9BA6-49BD-ADE9-72E4537AD589}"
EndProject
Project("{9A19103F-16F7-4668-BE54-9A1E7A4F7556}") = "DataAccess", "DataAccess\DataAccess.csproj", "{74DFB605-E4AE-4AD0-A114-CE6A31287A39}"
EndProject
Project("{2150E333-8FDC-42A3-9474-1A3956D46DE8}") = "LinkAkkaSys", "LinkAkkaSys", "{7E620A11-83C6-49CA-8ABA-D340F80B2EC9}"
EndProject
Project("{2150E333-8FDC-42A3-9474-1A3956D46DE8}") = "Base", "Base", "{016CD8AF-DD8E-46E8-A958-FA45D62837CE}"
EndProject
Project("{2150E333-8FDC-42A3-9474-1A3956D46DE8}") = "ProAkkaSys", "ProAkkaSys", "{7891A182-2ADD-48AE-9C2C-7F6B6A438236}"
EndProject
Project("{FAE04EC0-301F-11D3-BF4B-00C04F79EFBC}") = "CoilMgr", "CoilMgr\CoilMgr.csproj", "{CC63CE89-F5C8-4FAE-B0E4-0E3BB1481023}"
EndProject
Global
	GlobalSection(SolutionConfigurationPlatforms) = preSolution
		Debug|Any CPU = Debug|Any CPU
		Release|Any CPU = Release|Any CPU
	EndGlobalSection
	GlobalSection(ProjectConfigurationPlatforms) = postSolution
		{349B3EDC-C721-4CAA-B9F7-AFE410957110}.Debug|Any CPU.ActiveCfg = Debug|Any CPU
		{349B3EDC-C721-4CAA-B9F7-AFE410957110}.Debug|Any CPU.Build.0 = Debug|Any CPU
		{349B3EDC-C721-4CAA-B9F7-AFE410957110}.Release|Any CPU.ActiveCfg = Release|Any CPU
		{349B3EDC-C721-4CAA-B9F7-AFE410957110}.Release|Any CPU.Build.0 = Release|Any CPU
		{F3FD5F4B-E6ED-43D1-9E63-21BF555E1B74}.Debug|Any CPU.ActiveCfg = Debug|Any CPU
		{F3FD5F4B-E6ED-43D1-9E63-21BF555E1B74}.Debug|Any CPU.Build.0 = Debug|Any CPU
		{F3FD5F4B-E6ED-43D1-9E63-21BF555E1B74}.Release|Any CPU.ActiveCfg = Release|Any CPU
		{F3FD5F4B-E6ED-43D1-9E63-21BF555E1B74}.Release|Any CPU.Build.0 = Release|Any CPU
		{90FE1956-BAC0-44DE-810F-229E13AF738A}.Debug|Any CPU.ActiveCfg = Debug|Any CPU
		{90FE1956-BAC0-44DE-810F-229E13AF738A}.Debug|Any CPU.Build.0 = Debug|Any CPU
		{90FE1956-BAC0-44DE-810F-229E13AF738A}.Release|Any CPU.ActiveCfg = Release|Any CPU
		{90FE1956-BAC0-44DE-810F-229E13AF738A}.Release|Any CPU.Build.0 = Release|Any CPU
		{016441C2-6953-4384-9B92-796C85D1EEAB}.Debug|Any CPU.ActiveCfg = Debug|Any CPU
		{016441C2-6953-4384-9B92-796C85D1EEAB}.Debug|Any CPU.Build.0 = Debug|Any CPU
		{016441C2-6953-4384-9B92-796C85D1EEAB}.Release|Any CPU.ActiveCfg = Release|Any CPU
		{016441C2-6953-4384-9B92-796C85D1EEAB}.Release|Any CPU.Build.0 = Release|Any CPU
		{E0E98267-4193-428A-8DEB-10A83F1ED943}.Debug|Any CPU.ActiveCfg = Debug|Any CPU
		{E0E98267-4193-428A-8DEB-10A83F1ED943}.Debug|Any CPU.Build.0 = Debug|Any CPU
		{E0E98267-4193-428A-8DEB-10A83F1ED943}.Release|Any CPU.ActiveCfg = Release|Any CPU
		{E0E98267-4193-428A-8DEB-10A83F1ED943}.Release|Any CPU.Build.0 = Release|Any CPU
		{390226B3-9BA6-49BD-ADE9-72E4537AD589}.Debug|Any CPU.ActiveCfg = Debug|Any CPU
		{390226B3-9BA6-49BD-ADE9-72E4537AD589}.Debug|Any CPU.Build.0 = Debug|Any CPU
		{390226B3-9BA6-49BD-ADE9-72E4537AD589}.Release|Any CPU.ActiveCfg = Release|Any CPU
		{390226B3-9BA6-49BD-ADE9-72E4537AD589}.Release|Any CPU.Build.0 = Release|Any CPU
		{74DFB605-E4AE-4AD0-A114-CE6A31287A39}.Debug|Any CPU.ActiveCfg = Debug|Any CPU
		{74DFB605-E4AE-4AD0-A114-CE6A31287A39}.Debug|Any CPU.Build.0 = Debug|Any CPU
		{74DFB605-E4AE-4AD0-A114-CE6A31287A39}.Release|Any CPU.ActiveCfg = Release|Any CPU
		{74DFB605-E4AE-4AD0-A114-CE6A31287A39}.Release|Any CPU.Build.0 = Release|Any CPU
		{CC63CE89-F5C8-4FAE-B0E4-0E3BB1481023}.Debug|Any CPU.ActiveCfg = Debug|Any CPU
		{CC63CE89-F5C8-4FAE-B0E4-0E3BB1481023}.Debug|Any CPU.Build.0 = Debug|Any CPU
		{CC63CE89-F5C8-4FAE-B0E4-0E3BB1481023}.Release|Any CPU.ActiveCfg = Release|Any CPU
		{CC63CE89-F5C8-4FAE-B0E4-0E3BB1481023}.Release|Any CPU.Build.0 = Release|Any CPU
	EndGlobalSection
	GlobalSection(SolutionProperties) = preSolution
		HideSolutionNode = FALSE
	EndGlobalSection
	GlobalSection(NestedProjects) = preSolution
		{F3FD5F4B-E6ED-43D1-9E63-21BF555E1B74} = {7E620A11-83C6-49CA-8ABA-D340F80B2EC9}
		{90FE1956-BAC0-44DE-810F-229E13AF738A} = {7E620A11-83C6-49CA-8ABA-D340F80B2EC9}
		{390226B3-9BA6-49BD-ADE9-72E4537AD589} = {016CD8AF-DD8E-46E8-A958-FA45D62837CE}
		{CC63CE89-F5C8-4FAE-B0E4-0E3BB1481023} = {7891A182-2ADD-48AE-9C2C-7F6B6A438236}
	EndGlobalSection
	GlobalSection(ExtensibilityGlobals) = postSolution
		SolutionGuid = {794BEA3A-52AB-4013-9357-13B34E2E1884}
	EndGlobalSection
EndGlobal
